<?xml version="1.0" encoding="utf-8"?>
<Project ToolsVersion="4.0" xmlns="http://schemas.microsoft.com/developer/msbuild/2003">
  <ItemGroup>
    <Filter Include="Resource Files">
      <UniqueIdentifier>{67DA6AB6-F800-4c08-8B7A-83BB121AAD01}</UniqueIdentifier>
      <Extensions>rc;ico;cur;bmp;dlg;rc2;rct;bin;rgs;gif;jpg;jpeg;jpe;resx;tiff;tif;png;wav;mfcribbon-ms</Extensions>
    </Filter>
    <Filter Include="cpp_json">
      <UniqueIdentifier>{3e1405e5-b635-40b4-b6d9-2c677f6e5734}</UniqueIdentifier>
    </Filter>
    <Filter Include="jsoncpp">
      <UniqueIdentifier>{aa809666-413f-4c80-b34a-b425cd868fc1}</UniqueIdentifier>
    </Filter>
  </ItemGroup>
  <ItemGroup>
    <ClInclude Include="stdafx.h" />
    <ClInclude Include="..\cpp_json\cpp_json__parser.hpp">
      <Filter>cpp_json</Filter>
    </ClInclude>
    <ClInclude Include="..\cpp_json\cpp_json__document.hpp">
      <Filter>cpp_json</Filter>
    </ClInclude>
  </ItemGroup>
  <ItemGroup>
    <ClCompile Include="stdafx.cpp" />
    <ClCompile Include="test_suite.cpp" />
    <ClCompile Include="linker_test_case.cpp" />
    <ClCompile Include="perf__cpp_json_callback.cpp" />
    <ClCompile Include="perf__cpp_json_document.cpp" />
    <ClCompile Include="..\..\external\jsoncpp\lib_json\json_reader.cpp">
      <Filter>jsoncpp</Filter>
    </ClCompile>
    <ClCompile Include="..\..\external\jsoncpp\lib_json\json_value.cpp">
      <Filter>jsoncpp</Filter>
    </ClCompile>
    <ClCompile Include="..\..\external\jsoncpp\lib_json\json_writer.cpp">
      <Filter>jsoncpp</Filter>
    </ClCompile>
    <ClCompile Include="perf__jsoncpp_callback.cpp" />
    <ClCompile Include="..\cpp_json\cpp_json__document.cpp">
      <Filter>cpp_json</Filter>
    </ClCompile>
  </ItemGroup>
</Project>